
Microsoft Visual Studio Solution File, Format Version 12.00
# Visual Studio 15
VisualStudioVersion = 15.0.28307.852
MinimumVisualStudioVersion = 10.0.40219.1
Project("{2150E333-8FDC-42A3-9474-1A3956D46DE8}") = "src", "src", "{FE0831ED-AFA0-425C-86A4-5A277BFCC41D}"
EndProject
Project("{2150E333-8FDC-42A3-9474-1A3956D46DE8}") = "1. Host", "1. Host", "{FC16A1B1-D4B4-4D40-8784-548D0BBDABE8}"
EndProject
Project("{9A19103F-16F7-4668-BE54-9A1E7A4F7556}") = "Tavisca.CAPI.AccessKey.Services", "Tavisca.CAPI.AccessKey.Services\Tavisca.CAPI.AccessKey.Services.csproj", "{49895C07-D76B-4BCE-B9CB-99DDF07F6DD4}"
EndProject
Project("{2150E333-8FDC-42A3-9474-1A3956D46DE8}") = "2. Core", "2. Core", "{5A16842B-38BF-444C-8B33-4DBA7F0B3563}"
EndProject
Project("{9A19103F-16F7-4668-BE54-9A1E7A4F7556}") = "Tavisca.CAPI.AccessKey.Model", "Tavisca.CAPI.AccessKey.Model\Tavisca.CAPI.AccessKey.Model.csproj", "{B747A8A5-D9EC-49A0-8FC9-8A53E7414872}"
EndProject
Project("{2150E333-8FDC-42A3-9474-1A3956D46DE8}") = "3. Adaptors", "3. Adaptors", "{08801D87-F368-491C-9DA5-F7EB77E6B37D}"
EndProject
Project("{9A19103F-16F7-4668-BE54-9A1E7A4F7556}") = "Tavisca.CAPI.AccessKey.MockProvider", "Tavisca.CAPI.AccessKey.MockProvider\Tavisca.CAPI.AccessKey.MockProvider.csproj", "{EAF0035C-A8CA-4D38-A92C-C3EB85E9C6E3}"
EndProject
Project("{2150E333-8FDC-42A3-9474-1A3956D46DE8}") = "4. Testing", "4. Testing", "{FE65F069-8981-41D5-B656-0A31B6C98F65}"
EndProject
Project("{9A19103F-16F7-4668-BE54-9A1E7A4F7556}") = "Tavisca.CAPI.AccessKey.UnitTest", "Tavisca.CAPI.AccessKey.UnitTest\Tavisca.CAPI.AccessKey.UnitTest.csproj", "{04D878EC-43B2-4E72-B121-6104739E2562}"
EndProject
Project("{2150E333-8FDC-42A3-9474-1A3956D46DE8}") = "5. Submodules", "5. Submodules", "{63957ED9-F598-4626-9CF6-AA1C9C6A1FC2}"
EndProject
Project("{9A19103F-16F7-4668-BE54-9A1E7A4F7556}") = "Tavisca.CAPI.AccessKey.Core", "Tavisca.CAPI.AccessKey.Core\Tavisca.CAPI.AccessKey.Core.csproj", "{8D4ABCEC-F683-4971-8231-F0F968C53181}"
EndProject
Project("{FAE04EC0-301F-11D3-BF4B-00C04F79EFBC}") = "Tavisca.CAPI.AccessKey.Web", "Tavisca.CAPI.AccessKey.Web\Tavisca.CAPI.AccessKey.Web.csproj", "{991B1B0F-53F7-484F-9B10-6F17F93BE7DB}"
EndProject
Global
	GlobalSection(SolutionConfigurationPlatforms) = preSolution
		Debug|Any CPU = Debug|Any CPU
		Release|Any CPU = Release|Any CPU
	EndGlobalSection
	GlobalSection(ProjectConfigurationPlatforms) = postSolution
		{49895C07-D76B-4BCE-B9CB-99DDF07F6DD4}.Debug|Any CPU.ActiveCfg = Debug|Any CPU
		{49895C07-D76B-4BCE-B9CB-99DDF07F6DD4}.Debug|Any CPU.Build.0 = Debug|Any CPU
		{49895C07-D76B-4BCE-B9CB-99DDF07F6DD4}.Release|Any CPU.ActiveCfg = Release|Any CPU
		{49895C07-D76B-4BCE-B9CB-99DDF07F6DD4}.Release|Any CPU.Build.0 = Release|Any CPU
		{B747A8A5-D9EC-49A0-8FC9-8A53E7414872}.Debug|Any CPU.ActiveCfg = Debug|Any CPU
		{B747A8A5-D9EC-49A0-8FC9-8A53E7414872}.Debug|Any CPU.Build.0 = Debug|Any CPU
		{B747A8A5-D9EC-49A0-8FC9-8A53E7414872}.Release|Any CPU.ActiveCfg = Release|Any CPU
		{B747A8A5-D9EC-49A0-8FC9-8A53E7414872}.Release|Any CPU.Build.0 = Release|Any CPU
		{EAF0035C-A8CA-4D38-A92C-C3EB85E9C6E3}.Debug|Any CPU.ActiveCfg = Debug|Any CPU
		{EAF0035C-A8CA-4D38-A92C-C3EB85E9C6E3}.Debug|Any CPU.Build.0 = Debug|Any CPU
		{EAF0035C-A8CA-4D38-A92C-C3EB85E9C6E3}.Release|Any CPU.ActiveCfg = Release|Any CPU
		{EAF0035C-A8CA-4D38-A92C-C3EB85E9C6E3}.Release|Any CPU.Build.0 = Release|Any CPU
		{04D878EC-43B2-4E72-B121-6104739E2562}.Debug|Any CPU.ActiveCfg = Debug|Any CPU
		{04D878EC-43B2-4E72-B121-6104739E2562}.Debug|Any CPU.Build.0 = Debug|Any CPU
		{04D878EC-43B2-4E72-B121-6104739E2562}.Release|Any CPU.ActiveCfg = Release|Any CPU
		{04D878EC-43B2-4E72-B121-6104739E2562}.Release|Any CPU.Build.0 = Release|Any CPU
		{8D4ABCEC-F683-4971-8231-F0F968C53181}.Debug|Any CPU.ActiveCfg = Debug|Any CPU
		{8D4ABCEC-F683-4971-8231-F0F968C53181}.Debug|Any CPU.Build.0 = Debug|Any CPU
		{8D4ABCEC-F683-4971-8231-F0F968C53181}.Release|Any CPU.ActiveCfg = Release|Any CPU
		{8D4ABCEC-F683-4971-8231-F0F968C53181}.Release|Any CPU.Build.0 = Release|Any CPU
		{991B1B0F-53F7-484F-9B10-6F17F93BE7DB}.Debug|Any CPU.ActiveCfg = Debug|Any CPU
		{991B1B0F-53F7-484F-9B10-6F17F93BE7DB}.Debug|Any CPU.Build.0 = Debug|Any CPU
		{991B1B0F-53F7-484F-9B10-6F17F93BE7DB}.Release|Any CPU.ActiveCfg = Release|Any CPU
		{991B1B0F-53F7-484F-9B10-6F17F93BE7DB}.Release|Any CPU.Build.0 = Release|Any CPU
	EndGlobalSection
	GlobalSection(SolutionProperties) = preSolution
		HideSolutionNode = FALSE
	EndGlobalSection
	GlobalSection(NestedProjects) = preSolution
		{FC16A1B1-D4B4-4D40-8784-548D0BBDABE8} = {FE0831ED-AFA0-425C-86A4-5A277BFCC41D}
		{49895C07-D76B-4BCE-B9CB-99DDF07F6DD4} = {FC16A1B1-D4B4-4D40-8784-548D0BBDABE8}
		{5A16842B-38BF-444C-8B33-4DBA7F0B3563} = {FE0831ED-AFA0-425C-86A4-5A277BFCC41D}
		{B747A8A5-D9EC-49A0-8FC9-8A53E7414872} = {5A16842B-38BF-444C-8B33-4DBA7F0B3563}
		{08801D87-F368-491C-9DA5-F7EB77E6B37D} = {FE0831ED-AFA0-425C-86A4-5A277BFCC41D}
		{EAF0035C-A8CA-4D38-A92C-C3EB85E9C6E3} = {08801D87-F368-491C-9DA5-F7EB77E6B37D}
		{FE65F069-8981-41D5-B656-0A31B6C98F65} = {FE0831ED-AFA0-425C-86A4-5A277BFCC41D}
		{04D878EC-43B2-4E72-B121-6104739E2562} = {FE65F069-8981-41D5-B656-0A31B6C98F65}
		{63957ED9-F598-4626-9CF6-AA1C9C6A1FC2} = {FE0831ED-AFA0-425C-86A4-5A277BFCC41D}
		{8D4ABCEC-F683-4971-8231-F0F968C53181} = {5A16842B-38BF-444C-8B33-4DBA7F0B3563}
		{991B1B0F-53F7-484F-9B10-6F17F93BE7DB} = {FC16A1B1-D4B4-4D40-8784-548D0BBDABE8}
	EndGlobalSection
	GlobalSection(ExtensibilityGlobals) = postSolution
		SolutionGuid = {530DEB28-86A4-41DF-894F-48E5F568D1BB}
	EndGlobalSection
EndGlobal
